
Microsoft Visual Studio Solution File, Format Version 12.00
# Visual Studio 14
VisualStudioVersion = 14.0.25420.1
MinimumVisualStudioVersion = 10.0.40219.1
Project("{FAE04EC0-301F-11D3-BF4B-00C04F79EFBC}") = "eLibrary", "eLibrary\eLibrary.csproj", "{15B8822F-2CE2-4D3E-B19B-B8828F6E6157}"
EndProject
Project("{FAE04EC0-301F-11D3-BF4B-00C04F79EFBC}") = "eLibrary.Model", "eLibrary.Model\eLibrary.Model.csproj", "{59115E16-DAE9-4E5F-BAE6-0BB6E85E3827}"
EndProject
Project("{FAE04EC0-301F-11D3-BF4B-00C04F79EFBC}") = "eLibrary.Service", "eLibrary.Service\eLibrary.Service.csproj", "{FCA99E65-8E95-4FEC-BD20-BEDEFEE9AE7D}"
EndProject
Project("{FAE04EC0-301F-11D3-BF4B-00C04F79EFBC}") = "eLibrary.Common", "eLibrary.Common\eLibrary.Common.csproj", "{53835B3B-3CBF-4E2E-90EA-8DCF6E78B046}"
EndProject
Project("{FAE04EC0-301F-11D3-BF4B-00C04F79EFBC}") = "eLibrary.Dao", "eLibrary.Dao\eLibrary.Dao.csproj", "{C5D14BF1-C1D7-45DF-A2BD-54AC945E7EA2}"
EndProject
Project("{FAE04EC0-301F-11D3-BF4B-00C04F79EFBC}") = "eLibrary.DaoTests1", "eLibrary.DaoTests1\eLibrary.DaoTests1.csproj", "{C8551ACD-89B6-4363-8BDF-542CEC6AE6C6}"
EndProject
Global
	GlobalSection(SolutionConfigurationPlatforms) = preSolution
		Debug|Any CPU = Debug|Any CPU
		Debug|ARM = Debug|ARM
		Debug|x64 = Debug|x64
		Debug|x86 = Debug|x86
		Release|Any CPU = Release|Any CPU
		Release|ARM = Release|ARM
		Release|x64 = Release|x64
		Release|x86 = Release|x86
	EndGlobalSection
	GlobalSection(ProjectConfigurationPlatforms) = postSolution
		{15B8822F-2CE2-4D3E-B19B-B8828F6E6157}.Debug|Any CPU.ActiveCfg = Debug|Any CPU
		{15B8822F-2CE2-4D3E-B19B-B8828F6E6157}.Debug|Any CPU.Build.0 = Debug|Any CPU
		{15B8822F-2CE2-4D3E-B19B-B8828F6E6157}.Debug|ARM.ActiveCfg = Debug|Any CPU
		{15B8822F-2CE2-4D3E-B19B-B8828F6E6157}.Debug|ARM.Build.0 = Debug|Any CPU
		{15B8822F-2CE2-4D3E-B19B-B8828F6E6157}.Debug|x64.ActiveCfg = Debug|Any CPU
		{15B8822F-2CE2-4D3E-B19B-B8828F6E6157}.Debug|x64.Build.0 = Debug|Any CPU
		{15B8822F-2CE2-4D3E-B19B-B8828F6E6157}.Debug|x86.ActiveCfg = Debug|Any CPU
		{15B8822F-2CE2-4D3E-B19B-B8828F6E6157}.Debug|x86.Build.0 = Debug|Any CPU
		{15B8822F-2CE2-4D3E-B19B-B8828F6E6157}.Release|Any CPU.ActiveCfg = Release|Any CPU
		{15B8822F-2CE2-4D3E-B19B-B8828F6E6157}.Release|Any CPU.Build.0 = Release|Any CPU
		{15B8822F-2CE2-4D3E-B19B-B8828F6E6157}.Release|ARM.ActiveCfg = Release|Any CPU
		{15B8822F-2CE2-4D3E-B19B-B8828F6E6157}.Release|ARM.Build.0 = Release|Any CPU
		{15B8822F-2CE2-4D3E-B19B-B8828F6E6157}.Release|x64.ActiveCfg = Release|Any CPU
		{15B8822F-2CE2-4D3E-B19B-B8828F6E6157}.Release|x64.Build.0 = Release|Any CPU
		{15B8822F-2CE2-4D3E-B19B-B8828F6E6157}.Release|x86.ActiveCfg = Release|Any CPU
		{15B8822F-2CE2-4D3E-B19B-B8828F6E6157}.Release|x86.Build.0 = Release|Any CPU
		{59115E16-DAE9-4E5F-BAE6-0BB6E85E3827}.Debug|Any CPU.ActiveCfg = Debug|Any CPU
		{59115E16-DAE9-4E5F-BAE6-0BB6E85E3827}.Debug|Any CPU.Build.0 = Debug|Any CPU
		{59115E16-DAE9-4E5F-BAE6-0BB6E85E3827}.Debug|ARM.ActiveCfg = Debug|Any CPU
		{59115E16-DAE9-4E5F-BAE6-0BB6E85E3827}.Debug|ARM.Build.0 = Debug|Any CPU
		{59115E16-DAE9-4E5F-BAE6-0BB6E85E3827}.Debug|x64.ActiveCfg = Debug|Any CPU
		{59115E16-DAE9-4E5F-BAE6-0BB6E85E3827}.Debug|x64.Build.0 = Debug|Any CPU
		{59115E16-DAE9-4E5F-BAE6-0BB6E85E3827}.Debug|x86.ActiveCfg = Debug|Any CPU
		{59115E16-DAE9-4E5F-BAE6-0BB6E85E3827}.Debug|x86.Build.0 = Debug|Any CPU
		{59115E16-DAE9-4E5F-BAE6-0BB6E85E3827}.Release|Any CPU.ActiveCfg = Release|Any CPU
		{59115E16-DAE9-4E5F-BAE6-0BB6E85E3827}.Release|Any CPU.Build.0 = Release|Any CPU
		{59115E16-DAE9-4E5F-BAE6-0BB6E85E3827}.Release|ARM.ActiveCfg = Release|Any CPU
		{59115E16-DAE9-4E5F-BAE6-0BB6E85E3827}.Release|ARM.Build.0 = Release|Any CPU
		{59115E16-DAE9-4E5F-BAE6-0BB6E85E3827}.Release|x64.ActiveCfg = Release|Any CPU
		{59115E16-DAE9-4E5F-BAE6-0BB6E85E3827}.Release|x64.Build.0 = Release|Any CPU
		{59115E16-DAE9-4E5F-BAE6-0BB6E85E3827}.Release|x86.ActiveCfg = Release|Any CPU
		{59115E16-DAE9-4E5F-BAE6-0BB6E85E3827}.Release|x86.Build.0 = Release|Any CPU
		{FCA99E65-8E95-4FEC-BD20-BEDEFEE9AE7D}.Debug|Any CPU.ActiveCfg = Debug|Any CPU
		{FCA99E65-8E95-4FEC-BD20-BEDEFEE9AE7D}.Debug|Any CPU.Build.0 = Debug|Any CPU
		{FCA99E65-8E95-4FEC-BD20-BEDEFEE9AE7D}.Debug|ARM.ActiveCfg = Debug|Any CPU
		{FCA99E65-8E95-4FEC-BD20-BEDEFEE9AE7D}.Debug|ARM.Build.0 = Debug|Any CPU
		{FCA99E65-8E95-4FEC-BD20-BEDEFEE9AE7D}.Debug|x64.ActiveCfg = Debug|Any CPU
		{FCA99E65-8E95-4FEC-BD20-BEDEFEE9AE7D}.Debug|x64.Build.0 = Debug|Any CPU
		{FCA99E65-8E95-4FEC-BD20-BEDEFEE9AE7D}.Debug|x86.ActiveCfg = Debug|Any CPU
		{FCA99E65-8E95-4FEC-BD20-BEDEFEE9AE7D}.Debug|x86.Build.0 = Debug|Any CPU
		{FCA99E65-8E95-4FEC-BD20-BEDEFEE9AE7D}.Release|Any CPU.ActiveCfg = Release|Any CPU
		{FCA99E65-8E95-4FEC-BD20-BEDEFEE9AE7D}.Release|Any CPU.Build.0 = Release|Any CPU
		{FCA99E65-8E95-4FEC-BD20-BEDEFEE9AE7D}.Release|ARM.ActiveCfg = Release|Any CPU
		{FCA99E65-8E95-4FEC-BD20-BEDEFEE9AE7D}.Release|ARM.Build.0 = Release|Any CPU
		{FCA99E65-8E95-4FEC-BD20-BEDEFEE9AE7D}.Release|x64.ActiveCfg = Release|Any CPU
		{FCA99E65-8E95-4FEC-BD20-BEDEFEE9AE7D}.Release|x64.Build.0 = Release|Any CPU
		{FCA99E65-8E95-4FEC-BD20-BEDEFEE9AE7D}.Release|x86.ActiveCfg = Release|Any CPU
		{FCA99E65-8E95-4FEC-BD20-BEDEFEE9AE7D}.Release|x86.Build.0 = Release|Any CPU
		{53835B3B-3CBF-4E2E-90EA-8DCF6E78B046}.Debug|Any CPU.ActiveCfg = Debug|Any CPU
		{53835B3B-3CBF-4E2E-90EA-8DCF6E78B046}.Debug|Any CPU.Build.0 = Debug|Any CPU
		{53835B3B-3CBF-4E2E-90EA-8DCF6E78B046}.Debug|ARM.ActiveCfg = Debug|Any CPU
		{53835B3B-3CBF-4E2E-90EA-8DCF6E78B046}.Debug|ARM.Build.0 = Debug|Any CPU
		{53835B3B-3CBF-4E2E-90EA-8DCF6E78B046}.Debug|x64.ActiveCfg = Debug|Any CPU
		{53835B3B-3CBF-4E2E-90EA-8DCF6E78B046}.Debug|x64.Build.0 = Debug|Any CPU
		{53835B3B-3CBF-4E2E-90EA-8DCF6E78B046}.Debug|x86.ActiveCfg = Debug|Any CPU
		{53835B3B-3CBF-4E2E-90EA-8DCF6E78B046}.Debug|x86.Build.0 = Debug|Any CPU
		{53835B3B-3CBF-4E2E-90EA-8DCF6E78B046}.Release|Any CPU.ActiveCfg = Release|Any CPU
		{53835B3B-3CBF-4E2E-90EA-8DCF6E78B046}.Release|Any CPU.Build.0 = Release|Any CPU
		{53835B3B-3CBF-4E2E-90EA-8DCF6E78B046}.Release|ARM.ActiveCfg = Release|Any CPU
		{53835B3B-3CBF-4E2E-90EA-8DCF6E78B046}.Release|ARM.Build.0 = Release|Any CPU
		{53835B3B-3CBF-4E2E-90EA-8DCF6E78B046}.Release|x64.ActiveCfg = Release|Any CPU
		{53835B3B-3CBF-4E2E-90EA-8DCF6E78B046}.Release|x64.Build.0 = Release|Any CPU
		{53835B3B-3CBF-4E2E-90EA-8DCF6E78B046}.Release|x86.ActiveCfg = Release|Any CPU
		{53835B3B-3CBF-4E2E-90EA-8DCF6E78B046}.Release|x86.Build.0 = Release|Any CPU
		{C5D14BF1-C1D7-45DF-A2BD-54AC945E7EA2}.Debug|Any CPU.ActiveCfg = Debug|Any CPU
		{C5D14BF1-C1D7-45DF-A2BD-54AC945E7EA2}.Debug|Any CPU.Build.0 = Debug|Any CPU
		{C5D14BF1-C1D7-45DF-A2BD-54AC945E7EA2}.Debug|ARM.ActiveCfg = Debug|Any CPU
		{C5D14BF1-C1D7-45DF-A2BD-54AC945E7EA2}.Debug|ARM.Build.0 = Debug|Any CPU
		{C5D14BF1-C1D7-45DF-A2BD-54AC945E7EA2}.Debug|x64.ActiveCfg = Debug|Any CPU
		{C5D14BF1-C1D7-45DF-A2BD-54AC945E7EA2}.Debug|x64.Build.0 = Debug|Any CPU
		{C5D14BF1-C1D7-45DF-A2BD-54AC945E7EA2}.Debug|x86.ActiveCfg = Debug|Any CPU
		{C5D14BF1-C1D7-45DF-A2BD-54AC945E7EA2}.Debug|x86.Build.0 = Debug|Any CPU
		{C5D14BF1-C1D7-45DF-A2BD-54AC945E7EA2}.Release|Any CPU.ActiveCfg = Release|Any CPU
		{C5D14BF1-C1D7-45DF-A2BD-54AC945E7EA2}.Release|Any CPU.Build.0 = Release|Any CPU
		{C5D14BF1-C1D7-45DF-A2BD-54AC945E7EA2}.Release|ARM.ActiveCfg = Release|Any CPU
		{C5D14BF1-C1D7-45DF-A2BD-54AC945E7EA2}.Release|ARM.Build.0 = Release|Any CPU
		{C5D14BF1-C1D7-45DF-A2BD-54AC945E7EA2}.Release|x64.ActiveCfg = Release|Any CPU
		{C5D14BF1-C1D7-45DF-A2BD-54AC945E7EA2}.Release|x64.Build.0 = Release|Any CPU
		{C5D14BF1-C1D7-45DF-A2BD-54AC945E7EA2}.Release|x86.ActiveCfg = Release|Any CPU
		{C5D14BF1-C1D7-45DF-A2BD-54AC945E7EA2}.Release|x86.Build.0 = Release|Any CPU
		{C8551ACD-89B6-4363-8BDF-542CEC6AE6C6}.Debug|Any CPU.ActiveCfg = Debug|Any CPU
		{C8551ACD-89B6-4363-8BDF-542CEC6AE6C6}.Debug|Any CPU.Build.0 = Debug|Any CPU
		{C8551ACD-89B6-4363-8BDF-542CEC6AE6C6}.Debug|ARM.ActiveCfg = Debug|Any CPU
		{C8551ACD-89B6-4363-8BDF-542CEC6AE6C6}.Debug|ARM.Build.0 = Debug|Any CPU
		{C8551ACD-89B6-4363-8BDF-542CEC6AE6C6}.Debug|x64.ActiveCfg = Debug|Any CPU
		{C8551ACD-89B6-4363-8BDF-542CEC6AE6C6}.Debug|x64.Build.0 = Debug|Any CPU
		{C8551ACD-89B6-4363-8BDF-542CEC6AE6C6}.Debug|x86.ActiveCfg = Debug|Any CPU
		{C8551ACD-89B6-4363-8BDF-542CEC6AE6C6}.Debug|x86.Build.0 = Debug|Any CPU
		{C8551ACD-89B6-4363-8BDF-542CEC6AE6C6}.Release|Any CPU.ActiveCfg = Release|Any CPU
		{C8551ACD-89B6-4363-8BDF-542CEC6AE6C6}.Release|Any CPU.Build.0 = Release|Any CPU
		{C8551ACD-89B6-4363-8BDF-542CEC6AE6C6}.Release|ARM.ActiveCfg = Release|Any CPU
		{C8551ACD-89B6-4363-8BDF-542CEC6AE6C6}.Release|ARM.Build.0 = Release|Any CPU
		{C8551ACD-89B6-4363-8BDF-542CEC6AE6C6}.Release|x64.ActiveCfg = Release|Any CPU
		{C8551ACD-89B6-4363-8BDF-542CEC6AE6C6}.Release|x64.Build.0 = Release|Any CPU
		{C8551ACD-89B6-4363-8BDF-542CEC6AE6C6}.Release|x86.ActiveCfg = Release|Any CPU
		{C8551ACD-89B6-4363-8BDF-542CEC6AE6C6}.Release|x86.Build.0 = Release|Any CPU
	EndGlobalSection
	GlobalSection(SolutionProperties) = preSolution
		HideSolutionNode = FALSE
	EndGlobalSection
EndGlobal
